// !$*UTF8*$!
{
	archiveVersion = 1;
	classes = {
	};
	objectVersion = 56;
	objects = {

/* Begin PBXBuildFile section */
		4E6CFC292A4949380085A1FD /* MyAppApp.swift in Sources */ = {isa = PBXBuildFile; fileRef = 4E6CFC282A4949380085A1FD /* MyAppApp.swift */; };
		4E6CFC2B2A4949380085A1FD /* ContentView.swift in Sources */ = {isa = PBXBuildFile; fileRef = 4E6CFC2A2A4949380085A1FD /* ContentView.swift */; };
		4E6CFC2D2A49493A0085A1FD /* Assets.xcassets in Resources */ = {isa = PBXBuildFile; fileRef = 4E6CFC2C2A49493A0085A1FD /* Assets.xcassets */; };
		4E6CFC302A49493A0085A1FD /* Preview Assets.xcassets in Resources */ = {isa = PBXBuildFile; fileRef = 4E6CFC2F2A49493A0085A1FD /* Preview Assets.xcassets */; };
		4E6CFC3A2A49493B0085A1FD /* MyAppTests.swift in Sources */ = {isa = PBXBuildFile; fileRef = 4E6CFC392A49493B0085A1FD /* MyAppTests.swift */; };
		4E6CFC442A49493B0085A1FD /* MyAppUITests.swift in Sources */ = {isa = PBXBuildFile; fileRef = 4E6CFC432A49493B0085A1FD /* MyAppUITests.swift */; };
		4E6CFC462A49493B0085A1FD /* MyAppUITestsLaunchTests.swift in Sources */ = {isa = PBXBuildFile; fileRef = 4E6CFC452A49493B0085A1FD /* MyAppUITestsLaunchTests.swift */; };
		4E6CFC532A4949C90085A1FD /* SideBar.swift in Sources */ = {isa = PBXBuildFile; fileRef = 4E6CFC522A4949C90085A1FD /* SideBar.swift */; };
		4EB5F10D2A49BF180055A3A7 /* PopularList.swift in Sources */ = {isa = PBXBuildFile; fileRef = 4EB5F10C2A49BF180055A3A7 /* PopularList.swift */; };
		4EB5F1112A4AF1330055A3A7 /* MovieSheet.swift in Sources */ = {isa = PBXBuildFile; fileRef = 4EB5F1102A4AF1330055A3A7 /* MovieSheet.swift */; };
/* End PBXBuildFile section */

/* Begin PBXContainerItemProxy section */
		4E6CFC362A49493B0085A1FD /* PBXContainerItemProxy */ = {
			isa = PBXContainerItemProxy;
			containerPortal = 4E6CFC1D2A4949380085A1FD /* Project object */;
			proxyType = 1;
			remoteGlobalIDString = 4E6CFC242A4949380085A1FD;
			remoteInfo = MyApp;
		};
		4E6CFC402A49493B0085A1FD /* PBXContainerItemProxy */ = {
			isa = PBXContainerItemProxy;
			containerPortal = 4E6CFC1D2A4949380085A1FD /* Project object */;
			proxyType = 1;
			remoteGlobalIDString = 4E6CFC242A4949380085A1FD;
			remoteInfo = MyApp;
		};
/* End PBXContainerItemProxy section */

/* Begin PBXFileReference section */
		4E6CFC252A4949380085A1FD /* MyApp.app */ = {isa = PBXFileReference; explicitFileType = wrapper.application; includeInIndex = 0; path = MyApp.app; sourceTree = BUILT_PRODUCTS_DIR; };
		4E6CFC282A4949380085A1FD /* MyAppApp.swift */ = {isa = PBXFileReference; lastKnownFileType = sourcecode.swift; path = MyAppApp.swift; sourceTree = "<group>"; };
		4E6CFC2A2A4949380085A1FD /* ContentView.swift */ = {isa = PBXFileReference; lastKnownFileType = sourcecode.swift; path = ContentView.swift; sourceTree = "<group>"; };
		4E6CFC2C2A49493A0085A1FD /* Assets.xcassets */ = {isa = PBXFileReference; lastKnownFileType = folder.assetcatalog; path = Assets.xcassets; sourceTree = "<group>"; };
		4E6CFC2F2A49493A0085A1FD /* Preview Assets.xcassets */ = {isa = PBXFileReference; lastKnownFileType = folder.assetcatalog; path = "Preview Assets.xcassets"; sourceTree = "<group>"; };
		4E6CFC352A49493B0085A1FD /* MyAppTests.xctest */ = {isa = PBXFileReference; explicitFileType = wrapper.cfbundle; includeInIndex = 0; path = MyAppTests.xctest; sourceTree = BUILT_PRODUCTS_DIR; };
		4E6CFC392A49493B0085A1FD /* MyAppTests.swift */ = {isa = PBXFileReference; lastKnownFileType = sourcecode.swift; path = MyAppTests.swift; sourceTree = "<group>"; };
		4E6CFC3F2A49493B0085A1FD /* MyAppUITests.xctest */ = {isa = PBXFileReference; explicitFileType = wrapper.cfbundle; includeInIndex = 0; path = MyAppUITests.xctest; sourceTree = BUILT_PRODUCTS_DIR; };
		4E6CFC432A49493B0085A1FD /* MyAppUITests.swift */ = {isa = PBXFileReference; lastKnownFileType = sourcecode.swift; path = MyAppUITests.swift; sourceTree = "<group>"; };
		4E6CFC452A49493B0085A1FD /* MyAppUITestsLaunchTests.swift */ = {isa = PBXFileReference; lastKnownFileType = sourcecode.swift; path = MyAppUITestsLaunchTests.swift; sourceTree = "<group>"; };
		4E6CFC522A4949C90085A1FD /* SideBar.swift */ = {isa = PBXFileReference; lastKnownFileType = sourcecode.swift; path = SideBar.swift; sourceTree = "<group>"; };
		4EB5F10C2A49BF180055A3A7 /* PopularList.swift */ = {isa = PBXFileReference; lastKnownFileType = sourcecode.swift; path = PopularList.swift; sourceTree = "<group>"; };
		4EB5F1102A4AF1330055A3A7 /* MovieSheet.swift */ = {isa = PBXFileReference; lastKnownFileType = sourcecode.swift; path = MovieSheet.swift; sourceTree = "<group>"; };
/* End PBXFileReference section */

/* Begin PBXFrameworksBuildPhase section */
		4E6CFC222A4949380085A1FD /* Frameworks */ = {
			isa = PBXFrameworksBuildPhase;
			buildActionMask = 2147483647;
			files = (
			);
			runOnlyForDeploymentPostprocessing = 0;
		};
		4E6CFC322A49493B0085A1FD /* Frameworks */ = {
			isa = PBXFrameworksBuildPhase;
			buildActionMask = 2147483647;
			files = (
			);
			runOnlyForDeploymentPostprocessing = 0;
		};
		4E6CFC3C2A49493B0085A1FD /* Frameworks */ = {
			isa = PBXFrameworksBuildPhase;
			buildActionMask = 2147483647;
			files = (
			);
			runOnlyForDeploymentPostprocessing = 0;
		};
/* End PBXFrameworksBuildPhase section */

/* Begin PBXGroup section */
		4E6CFC1C2A4949380085A1FD = {
			isa = PBXGroup;
			children = (
				4E6CFC272A4949380085A1FD /* MyApp */,
				4E6CFC382A49493B0085A1FD /* MyAppTests */,
				4E6CFC422A49493B0085A1FD /* MyAppUITests */,
				4E6CFC262A4949380085A1FD /* Products */,
			);
			sourceTree = "<group>";
		};
		4E6CFC262A4949380085A1FD /* Products */ = {
			isa = PBXGroup;
			children = (
				4E6CFC252A4949380085A1FD /* MyApp.app */,
				4E6CFC352A49493B0085A1FD /* MyAppTests.xctest */,
				4E6CFC3F2A49493B0085A1FD /* MyAppUITests.xctest */,
			);
			name = Products;
			sourceTree = "<group>";
		};
		4E6CFC272A4949380085A1FD /* MyApp */ = {
			isa = PBXGroup;
			children = (
				4E6CFC282A4949380085A1FD /* MyAppApp.swift */,
				4E6CFC2A2A4949380085A1FD /* ContentView.swift */,
				4E6CFC2C2A49493A0085A1FD /* Assets.xcassets */,
				4E6CFC2E2A49493A0085A1FD /* Preview Content */,
				4E6CFC522A4949C90085A1FD /* SideBar.swift */,
				4EB5F10C2A49BF180055A3A7 /* PopularList.swift */,
				4EB5F1102A4AF1330055A3A7 /* MovieSheet.swift */,
			);
			path = MyApp;
			sourceTree = "<group>";
		};
		4E6CFC2E2A49493A0085A1FD /* Preview Content */ = {
			isa = PBXGroup;
			children = (
				4E6CFC2F2A49493A0085A1FD /* Preview Assets.xcassets */,
			);
			path = "Preview Content";
			sourceTree = "<group>";
		};
		4E6CFC382A49493B0085A1FD /* MyAppTests */ = {
			isa = PBXGroup;
			children = (
				4E6CFC392A49493B0085A1FD /* MyAppTests.swift */,
			);
			path = MyAppTests;
			sourceTree = "<group>";
		};
		4E6CFC422A49493B0085A1FD /* MyAppUITests */ = {
			isa = PBXGroup;
			children = (
				4E6CFC432A49493B0085A1FD /* MyAppUITests.swift */,
				4E6CFC452A49493B0085A1FD /* MyAppUITestsLaunchTests.swift */,
			);
			path = MyAppUITests;
			sourceTree = "<group>";
		};
/* End PBXGroup section */

/* Begin PBXNativeTarget section */
		4E6CFC242A4949380085A1FD /* MyApp */ = {
			isa = PBXNativeTarget;
			buildConfigurationList = 4E6CFC492A49493B0085A1FD /* Build configuration list for PBXNativeTarget "MyApp" */;
			buildPhases = (
				4E6CFC212A4949380085A1FD /* Sources */,
				4E6CFC222A4949380085A1FD /* Frameworks */,
				4E6CFC232A4949380085A1FD /* Resources */,
			);
			buildRules = (
			);
			dependencies = (
			);
			name = MyApp;
			productName = MyApp;
			productReference = 4E6CFC252A4949380085A1FD /* MyApp.app */;
			productType = "com.apple.product-type.application";
		};
		4E6CFC342A49493B0085A1FD /* MyAppTests */ = {
			isa = PBXNativeTarget;
			buildConfigurationList = 4E6CFC4C2A49493B0085A1FD /* Build configuration list for PBXNativeTarget "MyAppTests" */;
			buildPhases = (
				4E6CFC312A49493B0085A1FD /* Sources */,
				4E6CFC322A49493B0085A1FD /* Frameworks */,
				4E6CFC332A49493B0085A1FD /* Resources */,
			);
			buildRules = (
			);
			dependencies = (
				4E6CFC372A49493B0085A1FD /* PBXTargetDependency */,
			);
			name = MyAppTests;
			productName = MyAppTests;
			productReference = 4E6CFC352A49493B0085A1FD /* MyAppTests.xctest */;
			productType = "com.apple.product-type.bundle.unit-test";
		};
		4E6CFC3E2A49493B0085A1FD /* MyAppUITests */ = {
			isa = PBXNativeTarget;
			buildConfigurationList = 4E6CFC4F2A49493B0085A1FD /* Build configuration list for PBXNativeTarget "MyAppUITests" */;
			buildPhases = (
				4E6CFC3B2A49493B0085A1FD /* Sources */,
				4E6CFC3C2A49493B0085A1FD /* Frameworks */,
				4E6CFC3D2A49493B0085A1FD /* Resources */,
			);
			buildRules = (
			);
			dependencies = (
				4E6CFC412A49493B0085A1FD /* PBXTargetDependency */,
			);
			name = MyAppUITests;
			productName = MyAppUITests;
			productReference = 4E6CFC3F2A49493B0085A1FD /* MyAppUITests.xctest */;
			productType = "com.apple.product-type.bundle.ui-testing";
		};
/* End PBXNativeTarget section */

/* Begin PBXProject section */
		4E6CFC1D2A4949380085A1FD /* Project object */ = {
			isa = PBXProject;
			attributes = {
				BuildIndependentTargetsInParallel = 1;
				LastSwiftUpdateCheck = 1420;
				LastUpgradeCheck = 1420;
				TargetAttributes = {
					4E6CFC242A4949380085A1FD = {
						CreatedOnToolsVersion = 14.2;
					};
					4E6CFC342A49493B0085A1FD = {
						CreatedOnToolsVersion = 14.2;
						TestTargetID = 4E6CFC242A4949380085A1FD;
					};
					4E6CFC3E2A49493B0085A1FD = {
						CreatedOnToolsVersion = 14.2;
						TestTargetID = 4E6CFC242A4949380085A1FD;
					};
				};
			};
			buildConfigurationList = 4E6CFC202A4949380085A1FD /* Build configuration list for PBXProject "MyApp" */;
			compatibilityVersion = "Xcode 14.0";
			developmentRegion = en;
			hasScannedForEncodings = 0;
			knownRegions = (
				en,
				Base,
			);
			mainGroup = 4E6CFC1C2A4949380085A1FD;
			productRefGroup = 4E6CFC262A4949380085A1FD /* Products */;
			projectDirPath = "";
			projectRoot = "";
			targets = (
				4E6CFC242A4949380085A1FD /* MyApp */,
				4E6CFC342A49493B0085A1FD /* MyAppTests */,
				4E6CFC3E2A49493B0085A1FD /* MyAppUITests */,
			);
		};
/* End PBXProject section */

/* Begin PBXResourcesBuildPhase section */
		4E6CFC232A4949380085A1FD /* Resources */ = {
			isa = PBXResourcesBuildPhase;
			buildActionMask = 2147483647;
			files = (
				4E6CFC302A49493A0085A1FD /* Preview Assets.xcassets in Resources */,
				4E6CFC2D2A49493A0085A1FD /* Assets.xcassets in Resources */,
			);
			runOnlyForDeploymentPostprocessing = 0;
		};
		4E6CFC332A49493B0085A1FD /* Resources */ = {
			isa = PBXResourcesBuildPhase;
			buildActionMask = 2147483647;
			files = (
			);
			runOnlyForDeploymentPostprocessing = 0;
		};
		4E6CFC3D2A49493B0085A1FD /* Resources */ = {
			isa = PBXResourcesBuildPhase;
			buildActionMask = 2147483647;
			files = (
			);
			runOnlyForDeploymentPostprocessing = 0;
		};
/* End PBXResourcesBuildPhase section */

/* Begin PBXSourcesBuildPhase section */
		4E6CFC212A4949380085A1FD /* Sources */ = {
			isa = PBXSourcesBuildPhase;
			buildActionMask = 2147483647;
			files = (
				4EB5F1112A4AF1330055A3A7 /* MovieSheet.swift in Sources */,
				4E6CFC2B2A4949380085A1FD /* ContentView.swift in Sources */,
				4E6CFC532A4949C90085A1FD /* SideBar.swift in Sources */,
				4E6CFC292A4949380085A1FD /* MyAppApp.swift in Sources */,
				4EB5F10D2A49BF180055A3A7 /* PopularList.swift in Sources */,
			);
			runOnlyForDeploymentPostprocessing = 0;
		};
		4E6CFC312A49493B0085A1FD /* Sources */ = {
			isa = PBXSourcesBuildPhase;
			buildActionMask = 2147483647;
			files = (
				4E6CFC3A2A49493B0085A1FD /* MyAppTests.swift in Sources */,
			);
			runOnlyForDeploymentPostprocessing = 0;
		};
		4E6CFC3B2A49493B0085A1FD /* Sources */ = {
			isa = PBXSourcesBuildPhase;
			buildActionMask = 2147483647;
			files = (
				4E6CFC462A49493B0085A1FD /* MyAppUITestsLaunchTests.swift in Sources */,
				4E6CFC442A49493B0085A1FD /* MyAppUITests.swift in Sources */,
			);
			runOnlyForDeploymentPostprocessing = 0;
		};
/* End PBXSourcesBuildPhase section */

/* Begin PBXTargetDependency section */
		4E6CFC372A49493B0085A1FD /* PBXTargetDependency */ = {
			isa = PBXTargetDependency;
			target = 4E6CFC242A4949380085A1FD /* MyApp */;
			targetProxy = 4E6CFC362A49493B0085A1FD /* PBXContainerItemProxy */;
		};
		4E6CFC412A49493B0085A1FD /* PBXTargetDependency */ = {
			isa = PBXTargetDependency;
			target = 4E6CFC242A4949380085A1FD /* MyApp */;
			targetProxy = 4E6CFC402A49493B0085A1FD /* PBXContainerItemProxy */;
		};
/* End PBXTargetDependency section */

/* Begin XCBuildConfiguration section */
		4E6CFC472A49493B0085A1FD /* Debug */ = {
			isa = XCBuildConfiguration;
			buildSettings = {
				ALWAYS_SEARCH_USER_PATHS = NO;
				CLANG_ANALYZER_NONNULL = YES;
				CLANG_ANALYZER_NUMBER_OBJECT_CONVERSION = YES_AGGRESSIVE;
				CLANG_CXX_LANGUAGE_STANDARD = "gnu++20";
				CLANG_ENABLE_MODULES = YES;
				CLANG_ENABLE_OBJC_ARC = YES;
				CLANG_ENABLE_OBJC_WEAK = YES;
				CLANG_WARN_BLOCK_CAPTURE_AUTORELEASING = YES;
				CLANG_WARN_BOOL_CONVERSION = YES;
				CLANG_WARN_COMMA = YES;
				CLANG_WARN_CONSTANT_CONVERSION = YES;
				CLANG_WARN_DEPRECATED_OBJC_IMPLEMENTATIONS = YES;
				CLANG_WARN_DIRECT_OBJC_ISA_USAGE = YES_ERROR;
				CLANG_WARN_DOCUMENTATION_COMMENTS = YES;
				CLANG_WARN_EMPTY_BODY = YES;
				CLANG_WARN_ENUM_CONVERSION = YES;
				CLANG_WARN_INFINITE_RECURSION = YES;
				CLANG_WARN_INT_CONVERSION = YES;
				CLANG_WARN_NON_LITERAL_NULL_CONVERSION = YES;
				CLANG_WARN_OBJC_IMPLICIT_RETAIN_SELF = YES;
				CLANG_WARN_OBJC_LITERAL_CONVERSION = YES;
				CLANG_WARN_OBJC_ROOT_CLASS = YES_ERROR;
				CLANG_WARN_QUOTED_INCLUDE_IN_FRAMEWORK_HEADER = YES;
				CLANG_WARN_RANGE_LOOP_ANALYSIS = YES;
				CLANG_WARN_STRICT_PROTOTYPES = YES;
				CLANG_WARN_SUSPICIOUS_MOVE = YES;
				CLANG_WARN_UNGUARDED_AVAILABILITY = YES_AGGRESSIVE;
				CLANG_WARN_UNREACHABLE_CODE = YES;
				CLANG_WARN__DUPLICATE_METHOD_MATCH = YES;
				COPY_PHASE_STRIP = NO;
				DEBUG_INFORMATION_FORMAT = dwarf;
				ENABLE_STRICT_OBJC_MSGSEND = YES;
				ENABLE_TESTABILITY = YES;
				GCC_C_LANGUAGE_STANDARD = gnu11;
				GCC_DYNAMIC_NO_PIC = NO;
				GCC_NO_COMMON_BLOCKS = YES;
				GCC_OPTIMIZATION_LEVEL = 0;
				GCC_PREPROCESSOR_DEFINITIONS = (
					"DEBUG=1",
					"$(inherited)",
				);
				GCC_WARN_64_TO_32_BIT_CONVERSION = YES;
				GCC_WARN_ABOUT_RETURN_TYPE = YES_ERROR;
				GCC_WARN_UNDECLARED_SELECTOR = YES;
				GCC_WARN_UNINITIALIZED_AUTOS = YES_AGGRESSIVE;
				GCC_WARN_UNUSED_FUNCTION = YES;
				GCC_WARN_UNUSED_VARIABLE = YES;
				IPHONEOS_DEPLOYMENT_TARGET = 16.2;
				MTL_ENABLE_DEBUG_INFO = INCLUDE_SOURCE;
				MTL_FAST_MATH = YES;
				ONLY_ACTIVE_ARCH = YES;
				SDKROOT = iphoneos;
				SWIFT_ACTIVE_COMPILATION_CONDITIONS = DEBUG;
				SWIFT_OPTIMIZATION_LEVEL = "-Onone";
			};
			name = Debug;
		};
		4E6CFC482A49493B0085A1FD /* Release */ = {
			isa = XCBuildConfiguration;
			buildSettings = {
				ALWAYS_SEARCH_USER_PATHS = NO;
				CLANG_ANALYZER_NONNULL = YES;
				CLANG_ANALYZER_NUMBER_OBJECT_CONVERSION = YES_AGGRESSIVE;
				CLANG_CXX_LANGUAGE_STANDARD = "gnu++20";
				CLANG_ENABLE_MODULES = YES;
				CLANG_ENABLE_OBJC_ARC = YES;
				CLANG_ENABLE_OBJC_WEAK = YES;
				CLANG_WARN_BLOCK_CAPTURE_AUTORELEASING = YES;
				CLANG_WARN_BOOL_CONVERSION = YES;
				CLANG_WARN_COMMA = YES;
				CLANG_WARN_CONSTANT_CONVERSION = YES;
				CLANG_WARN_DEPRECATED_OBJC_IMPLEMENTATIONS = YES;
				CLANG_WARN_DIRECT_OBJC_ISA_USAGE = YES_ERROR;
				CLANG_WARN_DOCUMENTATION_COMMENTS = YES;
				CLANG_WARN_EMPTY_BODY = YES;
				CLANG_WARN_ENUM_CONVERSION = YES;
				CLANG_WARN_INFINITE_RECURSION = YES;
				CLANG_WARN_INT_CONVERSION = YES;
				CLANG_WARN_NON_LITERAL_NULL_CONVERSION = YES;
				CLANG_WARN_OBJC_IMPLICIT_RETAIN_SELF = YES;
				CLANG_WARN_OBJC_LITERAL_CONVERSION = YES;
				CLANG_WARN_OBJC_ROOT_CLASS = YES_ERROR;
				CLANG_WARN_QUOTED_INCLUDE_IN_FRAMEWORK_HEADER = YES;
				CLANG_WARN_RANGE_LOOP_ANALYSIS = YES;
				CLANG_WARN_STRICT_PROTOTYPES = YES;
				CLANG_WARN_SUSPICIOUS_MOVE = YES;
				CLANG_WARN_UNGUARDED_AVAILABILITY = YES_AGGRESSIVE;
				CLANG_WARN_UNREACHABLE_CODE = YES;
				CLANG_WARN__DUPLICATE_METHOD_MATCH = YES;
				COPY_PHASE_STRIP = NO;
				DEBUG_INFORMATION_FORMAT = "dwarf-with-dsym";
				ENABLE_NS_ASSERTIONS = NO;
				ENABLE_STRICT_OBJC_MSGSEND = YES;
				GCC_C_LANGUAGE_STANDARD = gnu11;
				GCC_NO_COMMON_BLOCKS = YES;
				GCC_WARN_64_TO_32_BIT_CONVERSION = YES;
				GCC_WARN_ABOUT_RETURN_TYPE = YES_ERROR;
				GCC_WARN_UNDECLARED_SELECTOR = YES;
				GCC_WARN_UNINITIALIZED_AUTOS = YES_AGGRESSIVE;
				GCC_WARN_UNUSED_FUNCTION = YES;
				GCC_WARN_UNUSED_VARIABLE = YES;
				IPHONEOS_DEPLOYMENT_TARGET = 16.2;
				MTL_ENABLE_DEBUG_INFO = NO;
				MTL_FAST_MATH = YES;
				SDKROOT = iphoneos;
				SWIFT_COMPILATION_MODE = wholemodule;
				SWIFT_OPTIMIZATION_LEVEL = "-O";
				VALIDATE_PRODUCT = YES;
			};
			name = Release;
		};
		4E6CFC4A2A49493B0085A1FD /* Debug */ = {
			isa = XCBuildConfiguration;
			buildSettings = {
				ASSETCATALOG_COMPILER_APPICON_NAME = AppIcon;
				ASSETCATALOG_COMPILER_GLOBAL_ACCENT_COLOR_NAME = AccentColor;
				CODE_SIGN_STYLE = Automatic;
				CURRENT_PROJECT_VERSION = 1;
				DEVELOPMENT_ASSET_PATHS = "\"MyApp/Preview Content\"";
				DEVELOPMENT_TEAM = AMR3JBTABB;
				ENABLE_PREVIEWS = YES;
				GENERATE_INFOPLIST_FILE = YES;
				INFOPLIST_KEY_UIApplicationSceneManifest_Generation = YES;
				INFOPLIST_KEY_UIApplicationSupportsIndirectInputEvents = YES;
				INFOPLIST_KEY_UILaunchScreen_Generation = YES;
				INFOPLIST_KEY_UISupportedInterfaceOrientations_iPad = "UIInterfaceOrientationPortrait UIInterfaceOrientationPortraitUpsideDown UIInterfaceOrientationLandscapeLeft UIInterfaceOrientationLandscapeRight";
				INFOPLIST_KEY_UISupportedInterfaceOrientations_iPhone = "UIInterfaceOrientationPortrait UIInterfaceOrientationLandscapeLeft UIInterfaceOrientationLandscapeRight";
				LD_RUNPATH_SEARCH_PATHS = (
					"$(inherited)",
					"@executable_path/Frameworks",
				);
				MARKETING_VERSION = 1.0;
				PRODUCT_BUNDLE_IDENTIFIER = com.erencan.MyApp;
				PRODUCT_NAME = "$(TARGET_NAME)";
				SWIFT_EMIT_LOC_STRINGS = YES;
				SWIFT_VERSION = 5.0;
				TARGETED_DEVICE_FAMILY = "1,2";
			};
			name = Debug;
		};
		4E6CFC4B2A49493B0085A1FD /* Release */ = {
			isa = XCBuildConfiguration;
			buildSettings = {
				ASSETCATALOG_COMPILER_APPICON_NAME = AppIcon;
				ASSETCATALOG_COMPILER_GLOBAL_ACCENT_COLOR_NAME = AccentColor;
				CODE_SIGN_STYLE = Automatic;
				CURRENT_PROJECT_VERSION = 1;
				DEVELOPMENT_ASSET_PATHS = "\"MyApp/Preview Content\"";
				DEVELOPMENT_TEAM = AMR3JBTABB;
				ENABLE_PREVIEWS = YES;
				GENERATE_INFOPLIST_FILE = YES;
				INFOPLIST_KEY_UIApplicationSceneManifest_Generation = YES;
				INFOPLIST_KEY_UIApplicationSupportsIndirectInputEvents = YES;
				INFOPLIST_KEY_UILaunchScreen_Generation = YES;
				INFOPLIST_KEY_UISupportedInterfaceOrientations_iPad = "UIInterfaceOrientationPortrait UIInterfaceOrientationPortraitUpsideDown UIInterfaceOrientationLandscapeLeft UIInterfaceOrientationLandscapeRight";
				INFOPLIST_KEY_UISupportedInterfaceOrientations_iPhone = "UIInterfaceOrientationPortrait UIInterfaceOrientationLandscapeLeft UIInterfaceOrientationLandscapeRight";
				LD_RUNPATH_SEARCH_PATHS = (
					"$(inherited)",
					"@executable_path/Frameworks",
				);
				MARKETING_VERSION = 1.0;
				PRODUCT_BUNDLE_IDENTIFIER = com.erencan.MyApp;
				PRODUCT_NAME = "$(TARGET_NAME)";
				SWIFT_EMIT_LOC_STRINGS = YES;
				SWIFT_VERSION = 5.0;
				TARGETED_DEVICE_FAMILY = "1,2";
			};
			name = Release;
		};
		4E6CFC4D2A49493B0085A1FD /* Debug */ = {
			isa = XCBuildConfiguration;
			buildSettings = {
				ALWAYS_EMBED_SWIFT_STANDARD_LIBRARIES = YES;
				BUNDLE_LOADER = "$(TEST_HOST)";
				CODE_SIGN_STYLE = Automatic;
				CURRENT_PROJECT_VERSION = 1;
				DEVELOPMENT_TEAM = AMR3JBTABB;
				GENERATE_INFOPLIST_FILE = YES;
				IPHONEOS_DEPLOYMENT_TARGET = 16.2;
				MARKETING_VERSION = 1.0;
				PRODUCT_BUNDLE_IDENTIFIER = com.erencan.MyAppTests;
				PRODUCT_NAME = "$(TARGET_NAME)";
				SWIFT_EMIT_LOC_STRINGS = NO;
				SWIFT_VERSION = 5.0;
				TARGETED_DEVICE_FAMILY = "1,2";
				TEST_HOST = "$(BUILT_PRODUCTS_DIR)/MyApp.app/$(BUNDLE_EXECUTABLE_FOLDER_PATH)/MyApp";
			};
			name = Debug;
		};
		4E6CFC4E2A49493B0085A1FD /* Release */ = {
			isa = XCBuildConfiguration;
			buildSettings = {
				ALWAYS_EMBED_SWIFT_STANDARD_LIBRARIES = YES;
				BUNDLE_LOADER = "$(TEST_HOST)";
				CODE_SIGN_STYLE = Automatic;
				CURRENT_PROJECT_VERSION = 1;
				DEVELOPMENT_TEAM = AMR3JBTABB;
				GENERATE_INFOPLIST_FILE = YES;
				IPHONEOS_DEPLOYMENT_TARGET = 16.2;
				MARKETING_VERSION = 1.0;
				PRODUCT_BUNDLE_IDENTIFIER = com.erencan.MyAppTests;
				PRODUCT_NAME = "$(TARGET_NAME)";
				SWIFT_EMIT_LOC_STRINGS = NO;
				SWIFT_VERSION = 5.0;
				TARGETED_DEVICE_FAMILY = "1,2";
				TEST_HOST = "$(BUILT_PRODUCTS_DIR)/MyApp.app/$(BUNDLE_EXECUTABLE_FOLDER_PATH)/MyApp";
			};
			name = Release;
		};
		4E6CFC502A49493B0085A1FD /* Debug */ = {
			isa = XCBuildConfiguration;
			buildSettings = {
				ALWAYS_EMBED_SWIFT_STANDARD_LIBRARIES = YES;
				CODE_SIGN_STYLE = Automatic;
				CURRENT_PROJECT_VERSION = 1;
				DEVELOPMENT_TEAM = AMR3JBTABB;
				GENERATE_INFOPLIST_FILE = YES;
				MARKETING_VERSION = 1.0;
				PRODUCT_BUNDLE_IDENTIFIER = com.erencan.MyAppUITests;
				PRODUCT_NAME = "$(TARGET_NAME)";
				SWIFT_EMIT_LOC_STRINGS = NO;
				SWIFT_VERSION = 5.0;
				TARGETED_DEVICE_FAMILY = "1,2";
				TEST_TARGET_NAME = MyApp;
			};
			name = Debug;
		};
		4E6CFC512A49493B0085A1FD /* Release */ = {
			isa = XCBuildConfiguration;
			buildSettings = {
				ALWAYS_EMBED_SWIFT_STANDARD_LIBRARIES = YES;
				CODE_SIGN_STYLE = Automatic;
				CURRENT_PROJECT_VERSION = 1;
				DEVELOPMENT_TEAM = AMR3JBTABB;
				GENERATE_INFOPLIST_FILE = YES;
				MARKETING_VERSION = 1.0;
				PRODUCT_BUNDLE_IDENTIFIER = com.erencan.MyAppUITests;
				PRODUCT_NAME = "$(TARGET_NAME)";
				SWIFT_EMIT_LOC_STRINGS = NO;
				SWIFT_VERSION = 5.0;
				TARGETED_DEVICE_FAMILY = "1,2";
				TEST_TARGET_NAME = MyApp;
			};
			name = Release;
		};
/* End XCBuildConfiguration section */

/* Begin XCConfigurationList section */
		4E6CFC202A4949380085A1FD /* Build configuration list for PBXProject "MyApp" */ = {
			isa = XCConfigurationList;
			buildConfigurations = (
				4E6CFC472A49493B0085A1FD /* Debug */,
				4E6CFC482A49493B0085A1FD /* Release */,
			);
			defaultConfigurationIsVisible = 0;
			defaultConfigurationName = Release;
		};
		4E6CFC492A49493B0085A1FD /* Build configuration list for PBXNativeTarget "MyApp" */ = {
			isa = XCConfigurationList;
			buildConfigurations = (
				4E6CFC4A2A49493B0085A1FD /* Debug */,
				4E6CFC4B2A49493B0085A1FD /* Release */,
			);
			defaultConfigurationIsVisible = 0;
			defaultConfigurationName = Release;
		};
		4E6CFC4C2A49493B0085A1FD /* Build configuration list for PBXNativeTarget "MyAppTests" */ = {
			isa = XCConfigurationList;
			buildConfigurations = (
				4E6CFC4D2A49493B0085A1FD /* Debug */,
				4E6CFC4E2A49493B0085A1FD /* Release */,
			);
			defaultConfigurationIsVisible = 0;
			defaultConfigurationName = Release;
		};
		4E6CFC4F2A49493B0085A1FD /* Build configuration list for PBXNativeTarget "MyAppUITests" */ = {
			isa = XCConfigurationList;
			buildConfigurations = (
				4E6CFC502A49493B0085A1FD /* Debug */,
				4E6CFC512A49493B0085A1FD /* Release */,
			);
			defaultConfigurationIsVisible = 0;
			defaultConfigurationName = Release;
		};
/* End XCConfigurationList section */
	};
	rootObject = 4E6CFC1D2A4949380085A1FD /* Project object */;
}
